# This file is autogenerated, do not edit; changes may be undone by the next 'dep ensure'.


[[projects]]
  branch = "master"
  name = "github.com/agl/ed25519"
  packages = [".","edwards25519","extra25519"]
  revision = "5312a61534124124185d41f09206b9fef1d88403"

[[projects]]
  branch = "master"
  name = "github.com/btcsuite/btcd"
  packages = ["btcec"]
  revision = "2be2f12b358dc57d70b8f501b00be450192efbc3"

[[projects]]
  name = "github.com/coreos/go-semver"
  packages = ["semver"]
  revision = "8ab6407b697782a06568d4b7f1db25550ec2e4c6"
  version = "v0.2.0"

[[projects]]
  branch = "master"
  name = "github.com/docker/spdystream"
  packages = [".","spdy"]
  revision = "bc6354cbbc295e925e4c611ffe90c1f287ee54db"

[[projects]]
  branch = "master"
  name = "github.com/fd/go-nat"
  packages = ["."]
  revision = "dcaf50131e4810440bed2cbb6f7f32c4f4cc95dd"

[[projects]]
  name = "github.com/gogo/protobuf"
  packages = ["io","proto"]
  revision = "1adfc126b41513cc696b209667c8656ea7aac67c"
  version = "v1.0.0"

[[projects]]
  name = "github.com/gorilla/websocket"
  packages = ["."]
  revision = "ea4d1f681babbce9545c9c5f3d5194a789c89f5b"
  version = "v1.2.0"

[[projects]]
  branch = "master"
  name = "github.com/gxed/GoEndian"
  packages = ["."]
  revision = "0f5c6873267e5abf306ffcdfcfa4bf77517ef4a7"

[[projects]]
  branch = "master"
  name = "github.com/gxed/eventfd"
  packages = ["."]
  revision = "80a92cca79a8041496ccc9dd773fcb52a57ec6f9"

[[projects]]
  branch = "master"
  name = "github.com/huin/goupnp"
  packages = [".","dcps/internetgateway1","dcps/internetgateway2","httpu","scpd","soap","ssdp"]
  revision = "dceda08e705b2acee36aab47d765ed801f64cfc7"

[[projects]]
  branch = "master"
  name = "github.com/ipfs/go-ipfs-util"
  packages = ["."]
  revision = "9ed527918c2f20abdf0adfab0553cd87db34f656"

[[projects]]
  branch = "master"
  name = "github.com/ipfs/go-log"
  packages = ["."]
  revision = "0e2a17b81af445147a78d94a45d4398c4008c219"

[[projects]]
  name = "github.com/jackpal/gateway"
  packages = ["."]
  revision = "3e333950771011fed13be63e62b9f473c5e0d9bf"
  version = "v1.0.4"

[[projects]]
  name = "github.com/jackpal/go-nat-pmp"
  packages = ["."]
  revision = "c9cfead9f2a36ddf3daa40ba269aa7f4bbba6b62"
  version = "v1.0.1"

[[projects]]
  branch = "master"
  name = "github.com/jbenet/go-temp-err-catcher"
  packages = ["."]
  revision = "aac704a3f4f27190b4ccc05f303a4931fd1241ff"

[[projects]]
  branch = "master"
  name = "github.com/jbenet/goprocess"
  packages = [".","context","periodic","ratelimit"]
  revision = "b497e2f366b8624394fb2e89c10ab607bebdde0b"

[[projects]]
  branch = "master"
  name = "github.com/libp2p/go-addr-util"
  packages = ["."]
  revision = "a9d6b939b59796c4933f56a8e628d6682d8d2a05"

[[projects]]
  branch = "master"
  name = "github.com/libp2p/go-flow-metrics"
  packages = ["."]
  revision = "3b3bcfcf78f2dc0e85be13ef3c3adc64cc5a9347"

[[projects]]
  branch = "master"
  name = "github.com/libp2p/go-libp2p"
  packages = [".","p2p/host/basic","p2p/protocol/identify","p2p/protocol/identify/pb"]
  revision = "bd3e85cb9df0a18967c62f27026fca06e4d86ff3"

[[projects]]
  branch = "master"
  name = "github.com/libp2p/go-libp2p-circuit"
  packages = [".","pb"]
  revision = "e85b2ba300206b73ffce804a1af20862ff1e12de"

[[projects]]
  branch = "master"
  name = "github.com/libp2p/go-libp2p-conn"
  packages = ["."]
  revision = "8058ec7c7d8d3834119a164005482ea696f028e4"

[[projects]]
  branch = "master"
  name = "github.com/libp2p/go-libp2p-crypto"
  packages = [".","pb"]
  revision = "f2afd8b3d4e358a6092159c813cb2bdf6d984e68"

[[projects]]
  branch = "master"
  name = "github.com/libp2p/go-libp2p-host"
  packages = ["."]
  revision = "dfeeb00fc9decef43a6bc47b555a530cb38e0c62"

[[projects]]
  branch = "master"
  name = "github.com/libp2p/go-libp2p-interface-conn"
  packages = ["."]
  revision = "0635e022759c738c55b7769cc6307506946089b9"

[[projects]]
  branch = "master"
  name = "github.com/libp2p/go-libp2p-interface-connmgr"
  packages = ["."]
  revision = "201197111979ad70393a51d80cb12c5dfcee9d01"

[[projects]]
  branch = "master"
  name = "github.com/libp2p/go-libp2p-interface-pnet"
  packages = ["."]
  revision = "adc9472a14d21a9da75b21a8fba6b97f18ec545e"

[[projects]]
  branch = "master"
  name = "github.com/libp2p/go-libp2p-loggables"
  packages = ["."]
  revision = "7a534896f9574b69081fa4e3a192270465719ced"

[[projects]]
  branch = "master"
  name = "github.com/libp2p/go-libp2p-metrics"
  packages = [".","conn","stream"]
  revision = "a3a76fa99809135a2421982ff2958a544aa517ee"

[[projects]]
  branch = "master"
  name = "github.com/libp2p/go-libp2p-nat"
  packages = ["."]
  revision = "469319376dce9de8de967a034bf579b4ae7be44d"

[[projects]]
  branch = "master"
  name = "github.com/libp2p/go-libp2p-net"
  packages = ["."]
  revision = "96c5c02be70386a9f74f46df559995877e4ffae2"

[[projects]]
  branch = "master"
  name = "github.com/libp2p/go-libp2p-peer"
  packages = ["."]
  revision = "296ae64e3db4af20e64270faa18e28797643480e"

[[projects]]
  branch = "master"
  name = "github.com/libp2p/go-libp2p-peerstore"
  packages = [".","addr"]
  revision = "2c122745dcc9c03c80b0203ce89c445ace6aa596"

[[projects]]
  branch = "master"
  name = "github.com/libp2p/go-libp2p-protocol"
  packages = ["."]
  revision = "b29f3d97e3a2fb8b29c5d04290e6cb5c5018004b"

[[projects]]
  branch = "master"
  name = "github.com/libp2p/go-libp2p-secio"
  packages = [".","pb"]
  revision = "437de218ca1fc65dfbf7b2b084519665bbaf7781"

[[projects]]
  branch = "master"
  name = "github.com/libp2p/go-libp2p-swarm"
  packages = ["."]
  revision = "881b974a81faf652c196bda4331300683f18b539"

[[projects]]
  branch = "master"
  name = "github.com/libp2p/go-libp2p-transport"
  packages = ["."]
  revision = "7f67e6aa68aa4b679c21179d32ab08d77a149cef"

[[projects]]
  branch = "master"
  name = "github.com/libp2p/go-maddr-filter"
  packages = ["."]
  revision = "3c9947befbb92277cc5f85057d387097debc4139"

[[projects]]
  branch = "master"
  name = "github.com/libp2p/go-msgio"
  packages = [".","mpool"]
  revision = "d82125c9907e1365775356505f14277d47dfd4d6"

[[projects]]
  branch = "master"
  name = "github.com/libp2p/go-peerstream"
  packages = ["."]
  revision = "de27dedf2287a2bd7030a1ecc94a6913385e6cfe"

[[projects]]
  branch = "master"
  name = "github.com/libp2p/go-reuseport"
  packages = [".","poll","singlepoll"]
  revision = "5f99154da15f232dd930262ecfaa44baa20bd2f8"

[[projects]]
  branch = "master"
  name = "github.com/libp2p/go-sockaddr"
  packages = ["net"]
  revision = "09ae606455f81dc795c406a93b35993fcfc3a912"

[[projects]]
  branch = "master"
  name = "github.com/libp2p/go-stream-muxer"
  packages = ["."]
  revision = "6ebe3f58af097068454b167a89442050b023b571"

[[projects]]
  branch = "master"
  name = "github.com/libp2p/go-tcp-transport"
  packages = ["."]
  revision = "578cd65fcec1d08d226d1b186e4548065e6bd65c"

[[projects]]
  branch = "master"
  name = "github.com/libp2p/go-ws-transport"
  packages = ["."]
  revision = "0cf90461ccc19765a5afafa9c2f58291471f1f09"

[[projects]]
  branch = "master"
  name = "github.com/minio/sha256-simd"
  packages = ["."]
  revision = "ad98a36ba0da87206e3378c556abbfeaeaa98668"

[[projects]]
  branch = "master"
  name = "github.com/mr-tron/base58"
  packages = ["base58"]
  revision = "c1bdf7c52f59d6685ca597b9955a443ff95eeee6"

[[projects]]
  name = "github.com/multiformats/go-multiaddr"
  packages = ["."]
  revision = "b90678896b52c3e5a4c8176805c6facc3fe3eb82"
  version = "0.1.2"

[[projects]]
  branch = "master"
  name = "github.com/multiformats/go-multiaddr-dns"
  packages = ["."]
  revision = "b431cd0a670beb991d0d0dc3defd2b89125aa34e"

[[projects]]
  branch = "master"
  name = "github.com/multiformats/go-multiaddr-net"
  packages = ["."]
  revision = "6040dff26de27e20b248b08041fdb65e6ba45b58"

[[projects]]
  branch = "master"
  name = "github.com/multiformats/go-multicodec-packed"
  packages = ["."]
  revision = "9004b413b478e5a878e4a879358cce02e5df4995"

[[projects]]
  name = "github.com/multiformats/go-multihash"
  packages = ["."]
  revision = "bdcf2980a789f55c97d548fdfa727f8fb19684ba"
  version = "0.1.0"

[[projects]]
  branch = "master"
  name = "github.com/multiformats/go-multistream"
  packages = ["."]
  revision = "6f8d4b233f4367de3efbe2378705d40d621d0879"

[[projects]]
  name = "github.com/opentracing/opentracing-go"
  packages = [".","ext","log"]
  revision = "1949ddbfd147afd4d964a9f00b24eb291e0e7c38"
  version = "v1.0.2"

[[projects]]
  name = "github.com/satori/go.uuid"
  packages = ["."]
  revision = "f58768cc1a7a7e77a3bd49e98cdd21419399b6a3"
  version = "v1.2.0"

[[projects]]
  branch = "master"
  name = "github.com/whyrusleeping/go-logging"
  packages = ["."]
  revision = "0457bb6b88fc1973573aaf6b5145d8d3ae972390"

[[projects]]
  branch = "master"
  name = "github.com/whyrusleeping/go-multiplex"
  packages = ["."]
  revision = "70f38504e7e46774d757f2c50b9b74ba010b802c"

[[projects]]
  branch = "master"
  name = "github.com/whyrusleeping/go-notifier"
  packages = ["."]
  revision = "097c5d47330ff6a823f67e3515faa13566a62c6f"

[[projects]]
  branch = "master"
  name = "github.com/whyrusleeping/go-smux-multiplex"
  packages = ["."]
  revision = "feac16f6d6b1dafe1963afcca468baf6e430e01d"

[[projects]]
  branch = "master"
  name = "github.com/whyrusleeping/go-smux-multistream"
  packages = ["."]
  revision = "afa6825376c14a0462fd420a7d4b4d157c937a42"

[[projects]]
  branch = "master"
  name = "github.com/whyrusleeping/go-smux-spdystream"
  packages = ["."]
  revision = "a6182ff2a058b177f3dc7513fe198e6002f7be78"

[[projects]]
  branch = "master"
  name = "github.com/whyrusleeping/go-smux-yamux"
  packages = ["."]
  revision = "4b90b786fa86d970c5db5a3b61088de8c8c0c14c"

[[projects]]
  branch = "master"
  name = "github.com/whyrusleeping/mafmt"
  packages = ["."]
  revision = "ab6a47300c1df531e468771e7d08fcd6d33f032e"

[[projects]]
  branch = "master"
  name = "github.com/whyrusleeping/multiaddr-filter"
  packages = ["."]
  revision = "e903e4adabd70b78bc9293b6ee4f359afb3f9f59"

[[projects]]
  branch = "master"
  name = "github.com/whyrusleeping/yamux"
  packages = ["."]
  revision = "7e8368b995874cb6ce27e42d3d9115221f4c879e"

[[projects]]
  branch = "master"
  name = "golang.org/x/crypto"
  packages = ["blowfish"]
  revision = "49796115aa4b964c318aad4f3084fdb41e9aa067"

[[projects]]
  branch = "master"
  name = "golang.org/x/net"
  packages = ["context","html","html/atom","html/charset"]
  revision = "cbe0f9307d0156177f9dd5dc85da1a31abc5f2fb"

[[projects]]
  branch = "master"
  name = "golang.org/x/sys"
  packages = ["unix","windows"]
  revision = "88d2dcc510266da9f7f8c7f34e1940716cab5f5c"

[[projects]]
  name = "golang.org/x/text"
  packages = ["encoding","encoding/charmap","encoding/htmlindex","encoding/internal","encoding/internal/identifier","encoding/japanese","encoding/korean","encoding/simplifiedchinese","encoding/traditionalchinese","encoding/unicode","internal/gen","internal/tag","internal/utf8internal","language","runes","transform","unicode/cldr"]
  revision = "f21a4dfb5e38f5895301dc265a8def02365cc3d0"
  version = "v0.3.0"

[solve-meta]
  analyzer-name = "dep"
  analyzer-version = 1
  inputs-digest = "592cf7784637d7b017ae90c6ebe8ad22fcb967d401b5be7bd035c432dd76f965"
  solver-name = "gps-cdcl"
  solver-version = 1
